
Microsoft Visual Studio Solution File, Format Version 12.00
# Visual Studio Version 16
VisualStudioVersion = 16.0.30204.135
MinimumVisualStudioVersion = 10.0.40219.1
Project("{9A19103F-16F7-4668-BE54-9A1E7A4F7556}") = "LYMG.OrbitVisualization", "LYMG.OrbitVisualization\LYMG.OrbitVisualization.csproj", "{441D55D5-5E52-44BF-A86C-9B0AD7626958}"
EndProject
Project("{9A19103F-16F7-4668-BE54-9A1E7A4F7556}") = "LYMG.GeoResources", "LYMG.GeoResources\LYMG.GeoResources.csproj", "{A77CB840-62E4-40CF-AA50-B1F4ED397C02}"
EndProject
Project("{9A19103F-16F7-4668-BE54-9A1E7A4F7556}") = "UnitTestProject1", "UnitTestProject1\UnitTestProject1.csproj", "{2CE8AFE4-A2E4-44CF-B298-41AC674E75CF}"
EndProject
Project("{2150E333-8FDC-42A3-9474-1A3956D46DE8}") = "Samples", "Samples", "{C07BD327-17F7-4DF9-AA8E-A3D0557FCB73}"
EndProject
Project("{9A19103F-16F7-4668-BE54-9A1E7A4F7556}") = "LYMG.OrbitVisualization.Controller", "LYMG.OrbitVisualization.Controller\LYMG.OrbitVisualization.Controller.csproj", "{75B5E979-3509-4936-90E1-90C43B287DEF}"
EndProject
Global
	GlobalSection(SolutionConfigurationPlatforms) = preSolution
		Debug|Any CPU = Debug|Any CPU
		Release|Any CPU = Release|Any CPU
	EndGlobalSection
	GlobalSection(ProjectConfigurationPlatforms) = postSolution
		{441D55D5-5E52-44BF-A86C-9B0AD7626958}.Debug|Any CPU.ActiveCfg = Debug|Any CPU
		{441D55D5-5E52-44BF-A86C-9B0AD7626958}.Debug|Any CPU.Build.0 = Debug|Any CPU
		{441D55D5-5E52-44BF-A86C-9B0AD7626958}.Release|Any CPU.ActiveCfg = Release|Any CPU
		{441D55D5-5E52-44BF-A86C-9B0AD7626958}.Release|Any CPU.Build.0 = Release|Any CPU
		{A77CB840-62E4-40CF-AA50-B1F4ED397C02}.Debug|Any CPU.ActiveCfg = Debug|Any CPU
		{A77CB840-62E4-40CF-AA50-B1F4ED397C02}.Debug|Any CPU.Build.0 = Debug|Any CPU
		{A77CB840-62E4-40CF-AA50-B1F4ED397C02}.Release|Any CPU.ActiveCfg = Release|Any CPU
		{A77CB840-62E4-40CF-AA50-B1F4ED397C02}.Release|Any CPU.Build.0 = Release|Any CPU
		{2CE8AFE4-A2E4-44CF-B298-41AC674E75CF}.Debug|Any CPU.ActiveCfg = Debug|Any CPU
		{2CE8AFE4-A2E4-44CF-B298-41AC674E75CF}.Debug|Any CPU.Build.0 = Debug|Any CPU
		{2CE8AFE4-A2E4-44CF-B298-41AC674E75CF}.Release|Any CPU.ActiveCfg = Release|Any CPU
		{2CE8AFE4-A2E4-44CF-B298-41AC674E75CF}.Release|Any CPU.Build.0 = Release|Any CPU
		{75B5E979-3509-4936-90E1-90C43B287DEF}.Debug|Any CPU.ActiveCfg = Debug|Any CPU
		{75B5E979-3509-4936-90E1-90C43B287DEF}.Debug|Any CPU.Build.0 = Debug|Any CPU
		{75B5E979-3509-4936-90E1-90C43B287DEF}.Release|Any CPU.ActiveCfg = Release|Any CPU
		{75B5E979-3509-4936-90E1-90C43B287DEF}.Release|Any CPU.Build.0 = Release|Any CPU
	EndGlobalSection
	GlobalSection(SolutionProperties) = preSolution
		HideSolutionNode = FALSE
	EndGlobalSection
	GlobalSection(ExtensibilityGlobals) = postSolution
		SolutionGuid = {9A43E812-F81E-4113-8287-4D3DABC232D7}
	EndGlobalSection
EndGlobal
